
Microsoft Visual Studio Solution File, Format Version 12.00
# Visual Studio 15
VisualStudioVersion = 15.0.27703.2047
MinimumVisualStudioVersion = 10.0.40219.1
Project("{FAE04EC0-301F-11D3-BF4B-00C04F79EFBC}") = "Orq", "Orquesta\Orq.csproj", "{741AFFCE-C6AA-4DA3-8C94-DCFF4FAFBA3C}"
EndProject
Global
	GlobalSection(SolutionConfigurationPlatforms) = preSolution
		Debug|Any CPU = Debug|Any CPU
		Release|Any CPU = Release|Any CPU
	EndGlobalSection
	GlobalSection(ProjectConfigurationPlatforms) = postSolution
		{741AFFCE-C6AA-4DA3-8C94-DCFF4FAFBA3C}.Debug|Any CPU.ActiveCfg = Debug|Any CPU
		{741AFFCE-C6AA-4DA3-8C94-DCFF4FAFBA3C}.Debug|Any CPU.Build.0 = Debug|Any CPU
		{741AFFCE-C6AA-4DA3-8C94-DCFF4FAFBA3C}.Release|Any CPU.ActiveCfg = Release|Any CPU
		{741AFFCE-C6AA-4DA3-8C94-DCFF4FAFBA3C}.Release|Any CPU.Build.0 = Release|Any CPU
	EndGlobalSection
	GlobalSection(SolutionProperties) = preSolution
		HideSolutionNode = FALSE
	EndGlobalSection
	GlobalSection(ExtensibilityGlobals) = postSolution
		SolutionGuid = {BF0A69CC-E7CF-4E0F-83CB-66D0643A4A9A}
	EndGlobalSection
EndGlobal
